
Microsoft Visual Studio Solution File, Format Version 12.00
# Visual Studio Version 17
VisualStudioVersion = 17.11.35431.28
MinimumVisualStudioVersion = 10.0.40219.1
Project("{FAE04EC0-301F-11D3-BF4B-00C04F79EFBC}") = "WPF_Highlander", "WPF_Highlander\WPF_Highlander.csproj", "{8F68CC31-3F8A-4839-945D-968CAEF75D69}"
EndProject
Project("{FAE04EC0-301F-11D3-BF4B-00C04F79EFBC}") = "ClassComponents_Highlander", "ClassComponents_Highlander\ClassComponents_Highlander.csproj", "{81411657-01B7-446A-A763-9275A3EEC78B}"
EndProject
Global
	GlobalSection(SolutionConfigurationPlatforms) = preSolution
		Debug|Any CPU = Debug|Any CPU
		Release|Any CPU = Release|Any CPU
	EndGlobalSection
	GlobalSection(ProjectConfigurationPlatforms) = postSolution
		{8F68CC31-3F8A-4839-945D-968CAEF75D69}.Debug|Any CPU.ActiveCfg = Debug|Any CPU
		{8F68CC31-3F8A-4839-945D-968CAEF75D69}.Debug|Any CPU.Build.0 = Debug|Any CPU
		{8F68CC31-3F8A-4839-945D-968CAEF75D69}.Release|Any CPU.ActiveCfg = Release|Any CPU
		{8F68CC31-3F8A-4839-945D-968CAEF75D69}.Release|Any CPU.Build.0 = Release|Any CPU
		{81411657-01B7-446A-A763-9275A3EEC78B}.Debug|Any CPU.ActiveCfg = Debug|Any CPU
		{81411657-01B7-446A-A763-9275A3EEC78B}.Debug|Any CPU.Build.0 = Debug|Any CPU
		{81411657-01B7-446A-A763-9275A3EEC78B}.Release|Any CPU.ActiveCfg = Release|Any CPU
		{81411657-01B7-446A-A763-9275A3EEC78B}.Release|Any CPU.Build.0 = Release|Any CPU
	EndGlobalSection
	GlobalSection(SolutionProperties) = preSolution
		HideSolutionNode = FALSE
	EndGlobalSection
	GlobalSection(ExtensibilityGlobals) = postSolution
		SolutionGuid = {C80B97BA-A8BE-490C-9214-9EC3CF21DD0C}
	EndGlobalSection
EndGlobal
